{
    "composer/package-versions-deprecated": {
        "version": "1.11.99.4"
    },
    "dama/doctrine-test-bundle": {
        "version": "8.3",
        "recipe": {
            "repo": "github.com/symfony/recipes-contrib",
            "branch": "main",
            "version": "8.3",
            "ref": "dfc51177476fb39d014ed89944cde53dc3326d23"
        },
        "files": [
            "config/packages/dama_doctrine_test_bundle.yaml"
        ]
    },
    "doctrine/annotations": {
        "version": "2.0",
        "recipe": {
            "repo": "github.com/symfony/recipes",
            "branch": "main",
            "version": "1.10",
            "ref": "64d8583af5ea57b7afa4aba4b159907f3a148b05"
        },
        "files": []
    },
    "doctrine/collections": {
        "version": "1.6.8"
    },
    "doctrine/data-fixtures": {
        "version": "1.5.1"
    },
    "doctrine/dbal": {
        "version": "2.13.3"
    },
    "doctrine/deprecations": {
        "version": "1.1",
        "recipe": {
            "repo": "github.com/symfony/recipes",
            "branch": "main",
            "version": "1.0",
            "ref": "87424683adc81d7dc305eefec1fced883084aab9"
        }
    },
    "doctrine/doctrine-bundle": {
        "version": "2.15",
        "recipe": {
            "repo": "github.com/symfony/recipes",
            "branch": "main",
            "version": "2.13",
            "ref": "620b57f496f2e599a6015a9fa222c2ee0a32adcb"
        },
        "files": [
            "./config/packages/doctrine.yaml",
            "./src/Entity/.gitignore",
            "./src/Repository/.gitignore"
        ]
    },
    "doctrine/doctrine-fixtures-bundle": {
        "version": "3.4",
        "recipe": {
            "repo": "github.com/symfony/recipes",
            "branch": "master",
            "version": "3.0",
            "ref": "1f5514cfa15b947298df4d771e694e578d4c204d"
        },
        "files": [
            "./src/DataFixtures/AppFixtures.php"
        ]
    },
    "doctrine/doctrine-migrations-bundle": {
        "version": "3.3",
        "recipe": {
            "repo": "github.com/symfony/recipes",
            "branch": "main",
            "version": "3.1",
            "ref": "1d01ec03c6ecbd67c3375c5478c9a423ae5d6a33"
        },
        "files": [
            "config/packages/doctrine_migrations.yaml",
            "migrations/.gitignore"
        ]
    },
    "doctrine/event-manager": {
        "version": "1.1.1"
    },
    "doctrine/inflector": {
        "version": "2.0.3"
    },
    "doctrine/instantiator": {
        "version": "1.4.0"
    },
    "doctrine/lexer": {
        "version": "1.2.1"
    },
    "doctrine/migrations": {
        "version": "3.2.1"
    },
    "doctrine/orm": {
        "version": "2.9.5"
    },
    "doctrine/persistence": {
        "version": "2.2.2"
    },
    "doctrine/sql-formatter": {
        "version": "1.1.1"
    },
    "monolog/monolog": {
        "version": "2.3.5"
    },
    "nikic/php-parser": {
        "version": "v4.13.0"
    },
    "phpdocumentor/reflection-common": {
        "version": "2.2.0"
    },
    "phpdocumentor/reflection-docblock": {
        "version": "5.2.2"
    },
    "phpdocumentor/type-resolver": {
        "version": "1.5.0"
    },
    "phpspec/prophecy": {
        "version": "1.14.0"
    },
    "phpunit/phpunit": {
        "version": "12.1",
        "recipe": {
            "repo": "github.com/symfony/recipes",
            "branch": "main",
            "version": "11.1",
            "ref": "c6658a60fc9d594805370eacdf542c3d6b5c0869"
        },
        "files": [
            ".env.test",
            "bin/phpunit",
            "phpunit.xml.dist",
            "tests/bootstrap.php"
        ]
    },
    "psr/cache": {
        "version": "2.0.0"
    },
    "psr/container": {
        "version": "1.1.1"
    },
    "psr/event-dispatcher": {
        "version": "1.0.0"
    },
    "psr/log": {
        "version": "2.0.0"
    },
    "symfony/asset": {
        "version": "v5.3.4"
    },
    "symfony/browser-kit": {
        "version": "v5.3.4"
    },
    "symfony/cache": {
        "version": "v5.3.8"
    },
    "symfony/cache-contracts": {
        "version": "v2.4.0"
    },
    "symfony/config": {
        "version": "v5.3.4"
    },
    "symfony/console": {
        "version": "7.1",
        "recipe": {
            "repo": "github.com/symfony/recipes",
            "branch": "main",
            "version": "5.3",
            "ref": "1781ff40d8a17d87cf53f8d4cf0c8346ed2bb461"
        },
        "files": [
            "bin/console"
        ]
    },
    "symfony/css-selector": {
        "version": "v5.3.4"
    },
    "symfony/dependency-injection": {
        "version": "v5.3.8"
    },
    "symfony/deprecation-contracts": {
        "version": "v2.4.0"
    },
    "symfony/doctrine-bridge": {
        "version": "v5.3.8"
    },
    "symfony/dom-crawler": {
        "version": "v5.3.7"
    },
    "symfony/dotenv": {
        "version": "v5.3.8"
    },
    "symfony/error-handler": {
        "version": "v5.3.7"
    },
    "symfony/event-dispatcher": {
        "version": "v5.3.7"
    },
    "symfony/event-dispatcher-contracts": {
        "version": "v2.4.0"
    },
    "symfony/expression-language": {
        "version": "v5.3.7"
    },
    "symfony/filesystem": {
        "version": "v5.3.4"
    },
    "symfony/finder": {
        "version": "v5.3.7"
    },
    "symfony/flex": {
        "version": "2.4",
        "recipe": {
            "repo": "github.com/symfony/recipes",
            "branch": "main",
            "version": "2.4",
            "ref": "52e9754527a15e2b79d9a610f98185a1fe46622a"
        },
        "files": [
            ".env",
            ".env.dev"
        ]
    },
    "symfony/framework-bundle": {
        "version": "7.3",
        "recipe": {
            "repo": "github.com/symfony/recipes",
            "branch": "main",
            "version": "7.3",
            "ref": "5a1497d539f691b96afd45ae397ce5fe30beb4b9"
        },
        "files": [
            ".editorconfig",
            "config/packages/cache.yaml",
            "config/packages/framework.yaml",
            "config/preload.php",
            "config/routes/framework.yaml",
            "config/services.yaml",
            "public/index.php",
            "src/Controller/.gitignore",
            "src/Kernel.php"
        ]
    },
    "symfony/http-foundation": {
        "version": "v5.3.7"
    },
    "symfony/http-kernel": {
        "version": "v5.3.8"
    },
    "symfony/maker-bundle": {
        "version": "1.0",
        "recipe": {
            "repo": "github.com/symfony/recipes",
            "branch": "master",
            "version": "1.0",
            "ref": "fadbfe33303a76e25cb63401050439aa9b1a9c7f"
        }
    },
    "symfony/monolog-bridge": {
        "version": "v5.3.7"
    },
    "symfony/monolog-bundle": {
        "version": "3.10",
        "recipe": {
            "repo": "github.com/symfony/recipes",
            "branch": "main",
            "version": "3.7",
            "ref": "aff23899c4440dd995907613c1dd709b6f59503f"
        },
        "files": [
            "config/packages/monolog.yaml"
        ]
    },
    "symfony/phpunit-bridge": {
        "version": "7.3",
        "recipe": {
            "repo": "github.com/symfony/recipes",
            "branch": "main",
            "version": "7.3",
            "ref": "dc13fec96bd527bd399c3c01f0aab915c67fd544"
        },
        "files": []
    },
    "symfony/polyfill-intl-grapheme": {
        "version": "v1.23.1"
    },
    "symfony/polyfill-intl-normalizer": {
        "version": "v1.23.0"
    },
    "symfony/polyfill-mbstring": {
        "version": "v1.23.1"
    },
    "symfony/polyfill-php73": {
        "version": "v1.23.0"
    },
    "symfony/polyfill-uuid": {
        "version": "v1.23.0"
    },
    "symfony/property-access": {
        "version": "v5.3.8"
    },
    "symfony/property-info": {
        "version": "7.3",
        "recipe": {
            "repo": "github.com/symfony/recipes",
            "branch": "main",
            "version": "7.3",
            "ref": "dae70df71978ae9226ae915ffd5fad817f5ca1f7"
        },
        "files": [
            "./config/packages/property_info.yaml"
        ]
    },
    "symfony/routing": {
        "version": "7.3",
        "recipe": {
            "repo": "github.com/symfony/recipes",
            "branch": "main",
            "version": "7.0",
            "ref": "ab1e60e2afd5c6f4a6795908f646e235f2564eb2"
        },
        "files": [
            "config/packages/routing.yaml",
            "config/routes.yaml"
        ]
    },
    "symfony/runtime": {
        "version": "v5.3.4"
    },
    "symfony/serializer": {
        "version": "v5.3.8"
    },
    "symfony/service-contracts": {
        "version": "v2.4.0"
    },
    "symfony/stopwatch": {
        "version": "v5.3.4"
    },
    "symfony/string": {
        "version": "v5.3.7"
    },
    "symfony/translation-contracts": {
        "version": "v2.4.0"
    },
    "symfony/uid": {
        "version": "7.1",
        "recipe": {
            "repo": "github.com/symfony/recipes",
            "branch": "main",
            "version": "7.0",
            "ref": "0df5844274d871b37fc3816c57a768ffc60a43a5"
        },
        "files": []
    },
    "symfony/validator": {
        "version": "7.1",
        "recipe": {
            "repo": "github.com/symfony/recipes",
            "branch": "main",
            "version": "7.0",
            "ref": "8c1c4e28d26a124b0bb273f537ca8ce443472bfd"
        },
        "files": [
            "config/packages/validator.yaml"
        ]
    },
    "symfony/var-dumper": {
        "version": "v5.3.8"
    },
    "symfony/var-exporter": {
        "version": "v5.3.8"
    },
    "symfony/yaml": {
        "version": "v5.3.6"
    },
    "webmozart/assert": {
        "version": "1.10.0"
    }
}
